{
  "nodes": {
    "ec-git": {
      "flake": false,
      "locked": {
        "lastModified": 1672877366,
        "narHash": "sha256-m7Zb6a4azmpLxFHUdLh3mj8EmJaaCmueuJihfdtBVlc=",
        "ref": "refs/heads/hx20-hx30",
        "rev": "38c1b38254793a2ed25861330ebc786daa5b48fb",
        "revCount": 16715,
        "type": "git",
        "url": "https://github.com/FrameworkComputer/EmbeddedController"
      },
      "original": {
        "type": "git",
        "url": "https://github.com/FrameworkComputer/EmbeddedController"
      }
    },
    "ec-local": {
      "flake": false,
      "locked": {
        "lastModified": 1672877366,
        "narHash": "sha256-m7Zb6a4azmpLxFHUdLh3mj8EmJaaCmueuJihfdtBVlc=",
        "ref": "refs/heads/hx20-hx30",
        "rev": "38c1b38254793a2ed25861330ebc786daa5b48fb",
        "revCount": 16715,
        "type": "git",
        "url": "file:./EmbeddedController"
      },
      "original": {
        "type": "git",
        "url": "file:./EmbeddedController"
      }
    },
    "fw-ectool": {
      "inputs": {
        "ec-git": "ec-git",
        "ec-local": "ec-local",
        "nixpkgs": "nixpkgs"
      },
      "locked": {
        "lastModified": 1676940045,
        "narHash": "sha256-6+KEjo2LtQaX0n01iEuvLRuPaT09hLOB4wdhtpgc1r8=",
        "owner": "ssddq",
        "repo": "fw-ectool",
        "rev": "7d3a68cabbcef3efbbf2b75e49439a72d289685e",
        "type": "github"
      },
      "original": {
        "owner": "ssddq",
        "repo": "fw-ectool",
        "type": "github"
      }
    },
    "home-manager": {
      "inputs": {
        "nixpkgs": [
          "nixpkgs"
        ]
      },
      "locked": {
        "lastModified": 1686693375,
        "narHash": "sha256-1Smjo0E8WI9PeVGmmCjpQWRX04aQvz5gAGXfdanIjgw=",
        "owner": "nix-community",
        "repo": "home-manager",
        "rev": "61e5d1c38ef04ba30a9119825b159bce9c6010be",
        "type": "github"
      },
      "original": {
        "owner": "nix-community",
        "ref": "release-23.05",
        "repo": "home-manager",
        "type": "github"
      }
    },
    "hyprland": {
      "inputs": {
        "hyprland-protocols": "hyprland-protocols",
        "nixpkgs": "nixpkgs_2",
        "wlroots": "wlroots",
        "xdph": "xdph"
      },
      "locked": {
        "lastModified": 1686764691,
        "narHash": "sha256-H4Pd2ny0euUNqYAQEi4ZQhbgUCBXarceOokNnjGcUSE=",
        "owner": "hyprwm",
        "repo": "Hyprland",
        "rev": "c4dec4f79697cb789b585f8e4febf92e929b5291",
        "type": "github"
      },
      "original": {
        "owner": "hyprwm",
        "repo": "Hyprland",
        "type": "github"
      }
    },
    "hyprland-protocols": {
      "inputs": {
        "nixpkgs": [
          "hyprland",
          "nixpkgs"
        ]
      },
      "locked": {
        "lastModified": 1684265364,
        "narHash": "sha256-AxNnWbthsuNx73HDQr0eBxrcE3+yfl/WsaXZqUFmkpQ=",
        "owner": "hyprwm",
        "repo": "hyprland-protocols",
        "rev": "8c279b9fb0f2b031427dc5ef4eab53f2ed835530",
        "type": "github"
      },
      "original": {
        "owner": "hyprwm",
        "repo": "hyprland-protocols",
        "type": "github"
      }
    },
    "nixpkgs": {
      "locked": {
        "lastModified": 1676931714,
        "narHash": "sha256-Zh2q9it1lpLHD/Bj1EaQjmfRmireQ1v48pgLFsPLz+U=",
        "owner": "NixOS",
        "repo": "nixpkgs",
        "rev": "be2cc24ae2e6160118f344c7e8216acce6c1cc45",
        "type": "github"
      },
      "original": {
        "owner": "NixOS",
        "repo": "nixpkgs",
        "type": "github"
      }
    },
    "nixpkgs-unstable": {
      "locked": {
        "lastModified": 1686592866,
        "narHash": "sha256-riGg89eWhXJcPNrQGcSwTEEm7CGxWC06oSX44hajeMw=",
        "owner": "NixOS",
        "repo": "nixpkgs",
        "rev": "0eeebd64de89e4163f4d3cf34ffe925a5cf67a05",
        "type": "github"
      },
      "original": {
        "owner": "NixOS",
        "ref": "nixos-unstable",
        "repo": "nixpkgs",
        "type": "github"
      }
    },
    "nixpkgs_2": {
      "locked": {
        "lastModified": 1686501370,
        "narHash": "sha256-G0WuM9fqTPRc2URKP9Lgi5nhZMqsfHGrdEbrLvAPJcg=",
        "owner": "NixOS",
        "repo": "nixpkgs",
        "rev": "75a5ebf473cd60148ba9aec0d219f72e5cf52519",
        "type": "github"
      },
      "original": {
        "owner": "NixOS",
        "ref": "nixos-unstable",
        "repo": "nixpkgs",
        "type": "github"
      }
    },
    "nixpkgs_3": {
      "locked": {
        "lastModified": 1686736559,
        "narHash": "sha256-YyUSVoOKIDAscTx7IZhF9x3qgZ9dPNF19fKk+4c5irc=",
        "owner": "nixos",
        "repo": "nixpkgs",
        "rev": "ddf4688dc7aeb14e8a3c549cb6aa6337f187a884",
        "type": "github"
      },
      "original": {
        "owner": "nixos",
        "ref": "nixos-23.05",
        "repo": "nixpkgs",
        "type": "github"
      }
    },
    "root": {
      "inputs": {
        "fw-ectool": "fw-ectool",
        "home-manager": "home-manager",
        "hyprland": "hyprland",
        "nixpkgs": "nixpkgs_3",
        "nixpkgs-unstable": "nixpkgs-unstable"
      }
    },
    "wlroots": {
      "flake": false,
      "locked": {
        "host": "gitlab.freedesktop.org",
        "lastModified": 1686573751,
        "narHash": "sha256-5vnFxEMvn4wzT+XKR5Jo8VSn1hXrdf/mWuTmdHhRFBs=",
        "owner": "wlroots",
        "repo": "wlroots",
        "rev": "6e8fb5509f2c94d09d4efa0f9b1f40b37bf73863",
        "type": "gitlab"
      },
      "original": {
        "host": "gitlab.freedesktop.org",
        "owner": "wlroots",
        "repo": "wlroots",
        "type": "gitlab"
      }
    },
    "xdph": {
      "inputs": {
        "hyprland-protocols": [
          "hyprland",
          "hyprland-protocols"
        ],
        "nixpkgs": [
          "hyprland",
          "nixpkgs"
        ]
      },
      "locked": {
        "lastModified": 1685385764,
        "narHash": "sha256-r+XMyOoRXq+hlfjayb+fyi9kq2JK48TrwuNIAXqlj7U=",
        "owner": "hyprwm",
        "repo": "xdg-desktop-portal-hyprland",
        "rev": "4d9ff0c17716936e0b5ca577a39e263633901ed1",
        "type": "github"
      },
      "original": {
        "owner": "hyprwm",
        "repo": "xdg-desktop-portal-hyprland",
        "type": "github"
      }
    }
  },
  "root": "root",
  "version": 7
}
